
Microsoft Visual Studio Solution File, Format Version 12.00
# Visual Studio Version 16
VisualStudioVersion = 16.0.32510.428
MinimumVisualStudioVersion = 10.0.40219.1
Project("{FAE04EC0-301F-11D3-BF4B-00C04F79EFBC}") = "NurayMarhanArrayOdev", "NurayMarhanArrayOdev\NurayMarhanArrayOdev.csproj", "{593F8F64-4021-44A2-A01E-B7A8AE2C797B}"
EndProject
Global
	GlobalSection(SolutionConfigurationPlatforms) = preSolution
		Debug|Any CPU = Debug|Any CPU
		Release|Any CPU = Release|Any CPU
	EndGlobalSection
	GlobalSection(ProjectConfigurationPlatforms) = postSolution
		{593F8F64-4021-44A2-A01E-B7A8AE2C797B}.Debug|Any CPU.ActiveCfg = Debug|Any CPU
		{593F8F64-4021-44A2-A01E-B7A8AE2C797B}.Debug|Any CPU.Build.0 = Debug|Any CPU
		{593F8F64-4021-44A2-A01E-B7A8AE2C797B}.Release|Any CPU.ActiveCfg = Release|Any CPU
		{593F8F64-4021-44A2-A01E-B7A8AE2C797B}.Release|Any CPU.Build.0 = Release|Any CPU
	EndGlobalSection
	GlobalSection(SolutionProperties) = preSolution
		HideSolutionNode = FALSE
	EndGlobalSection
	GlobalSection(ExtensibilityGlobals) = postSolution
		SolutionGuid = {B2594910-7311-4DD0-BDB4-9DF47775E13A}
	EndGlobalSection
EndGlobal
